{
  "name": "extensible-memoize",
  "version": "1.2.0",
  "lockfileVersion": 2,
  "requires": true,
  "packages": {
    "": {
      "name": "extensible-memoize",
      "version": "1.2.0",
      "license": "MIT",
      "dependencies": {
        "multilayer-async-cache-builder": "^3.0.0"
      },
      "devDependencies": {
        "typescript": "^5.4.5"
      }
    },
    "node_modules/multilayer-async-cache-builder": {
      "version": "3.0.0",
      "resolved": "https://registry.npmjs.org/multilayer-async-cache-builder/-/multilayer-async-cache-builder-3.0.0.tgz",
      "integrity": "sha512-4c7AxD5+DKEzjKYAaIELZQN6+19hUXYwaWEipTgtxOuM1qOq83lnDdj5M9gkiKXMki1uv+fOSBRVJG2g8J4dsQ=="
    },
    "node_modules/typescript": {
      "version": "5.4.5",
      "resolved": "https://registry.npmjs.org/typescript/-/typescript-5.4.5.tgz",
      "integrity": "sha512-vcI4UpRgg81oIRUFwR0WSIHKt11nJ7SAVlYNIu+QpqeyXP+gpQJy/Z4+F0aGxSE4MqwjyXvW/TzgkLAx2AGHwQ==",
      "dev": true,
      "bin": {
        "tsc": "bin/tsc",
        "tsserver": "bin/tsserver"
      },
      "engines": {
        "node": ">=14.17"
      }
    }
  },
  "dependencies": {
    "multilayer-async-cache-builder": {
      "version": "3.0.0",
      "resolved": "https://registry.npmjs.org/multilayer-async-cache-builder/-/multilayer-async-cache-builder-3.0.0.tgz",
      "integrity": "sha512-4c7AxD5+DKEzjKYAaIELZQN6+19hUXYwaWEipTgtxOuM1qOq83lnDdj5M9gkiKXMki1uv+fOSBRVJG2g8J4dsQ=="
    },
    "typescript": {
      "version": "5.4.5",
      "resolved": "https://registry.npmjs.org/typescript/-/typescript-5.4.5.tgz",
      "integrity": "sha512-vcI4UpRgg81oIRUFwR0WSIHKt11nJ7SAVlYNIu+QpqeyXP+gpQJy/Z4+F0aGxSE4MqwjyXvW/TzgkLAx2AGHwQ==",
      "dev": true
    }
  }
}
